// !$*UTF8*$!
{
	archiveVersion = 1;
	classes = {
	};
	objectVersion = 50;
	objects = {

/* Begin PBXBuildFile section */
		3AC8ECBC5697FB67450B3619 /* libPods-OramaSampleApp.a in Frameworks */ = {isa = PBXBuildFile; fileRef = 1C78E00DF7E17ED3536B4735 /* libPods-OramaSampleApp.a */; };
		9C012C01262B7F980062EB58 /* UIImageViewExtension.swift in Sources */ = {isa = PBXBuildFile; fileRef = 9C012C00262B7F980062EB58 /* UIImageViewExtension.swift */; };
		9C0890A2262B57F100E3F643 /* DetailsPresenter.swift in Sources */ = {isa = PBXBuildFile; fileRef = 9C0890A1262B57F100E3F643 /* DetailsPresenter.swift */; };
		9C0BEAD626275B92005CCCD2 /* FundRemoteDataSource.swift in Sources */ = {isa = PBXBuildFile; fileRef = 9C0BEAD526275B92005CCCD2 /* FundRemoteDataSource.swift */; };
		9C0BEAD926275C08005CCCD2 /* FundRemoteDataSourceImpl.swift in Sources */ = {isa = PBXBuildFile; fileRef = 9C0BEAD826275C08005CCCD2 /* FundRemoteDataSourceImpl.swift */; };
		9C0BEAE4262762CF005CCCD2 /* HomePresenter.swift in Sources */ = {isa = PBXBuildFile; fileRef = 9C0BEAE3262762CF005CCCD2 /* HomePresenter.swift */; };
		9C0BEAE7262762E3005CCCD2 /* GetFundsUseCase.swift in Sources */ = {isa = PBXBuildFile; fileRef = 9C0BEAE6262762E3005CCCD2 /* GetFundsUseCase.swift */; };
		9C0BEB1E26276E33005CCCD2 /* FundResponse.swift in Sources */ = {isa = PBXBuildFile; fileRef = 9C0BEB1D26276E33005CCCD2 /* FundResponse.swift */; };
		9C0BEB6026277DFD005CCCD2 /* OperabilityResponse.swift in Sources */ = {isa = PBXBuildFile; fileRef = 9C0BEB5F26277DFD005CCCD2 /* OperabilityResponse.swift */; };
		9C0BEB6326277E19005CCCD2 /* SpecificationResponse.swift in Sources */ = {isa = PBXBuildFile; fileRef = 9C0BEB6226277E19005CCCD2 /* SpecificationResponse.swift */; };
		9C0BEB6F26277EBA005CCCD2 /* FundManagerResponse.swift in Sources */ = {isa = PBXBuildFile; fileRef = 9C0BEB6E26277EBA005CCCD2 /* FundManagerResponse.swift */; };
		9C0BEB7926277F77005CCCD2 /* StrategyVideoResponse.swift in Sources */ = {isa = PBXBuildFile; fileRef = 9C0BEB7826277F77005CCCD2 /* StrategyVideoResponse.swift */; };
		9C6313FF2625FAD00081B963 /* UIViewExtension.swift in Sources */ = {isa = PBXBuildFile; fileRef = 9C6313FE2625FAD00081B963 /* UIViewExtension.swift */; };
		9C781C682625F47A00A293D1 /* AppDelegate.swift in Sources */ = {isa = PBXBuildFile; fileRef = 9C781C672625F47A00A293D1 /* AppDelegate.swift */; };
		9C781C6A2625F47A00A293D1 /* SceneDelegate.swift in Sources */ = {isa = PBXBuildFile; fileRef = 9C781C692625F47A00A293D1 /* SceneDelegate.swift */; };
		9C781C6C2625F47A00A293D1 /* HomeViewController.swift in Sources */ = {isa = PBXBuildFile; fileRef = 9C781C6B2625F47A00A293D1 /* HomeViewController.swift */; };
		9C781C6F2625F47A00A293D1 /* Main.storyboard in Resources */ = {isa = PBXBuildFile; fileRef = 9C781C6D2625F47A00A293D1 /* Main.storyboard */; };
		9C781C712625F47B00A293D1 /* Assets.xcassets in Resources */ = {isa = PBXBuildFile; fileRef = 9C781C702625F47B00A293D1 /* Assets.xcassets */; };
		9C781C742625F47B00A293D1 /* LaunchScreen.storyboard in Resources */ = {isa = PBXBuildFile; fileRef = 9C781C722625F47B00A293D1 /* LaunchScreen.storyboard */; };
		9C7828672626296C00C946CB /* UIColorExtension.swift in Sources */ = {isa = PBXBuildFile; fileRef = 9C7828662626296C00C946CB /* UIColorExtension.swift */; };
		9C78288C262638F100C946CB /* DefaultFundCollectionViewCell.swift in Sources */ = {isa = PBXBuildFile; fileRef = 9C78288A262638F100C946CB /* DefaultFundCollectionViewCell.swift */; };
		9C78288D262638F100C946CB /* DefaultFundCollectionViewCell.xib in Resources */ = {isa = PBXBuildFile; fileRef = 9C78288B262638F100C946CB /* DefaultFundCollectionViewCell.xib */; };
		9C7CA08A2629B3A5009E6E24 /* FundDto.swift in Sources */ = {isa = PBXBuildFile; fileRef = 9C7CA0892629B3A5009E6E24 /* FundDto.swift */; };
		9C907CF82628D55000DC8E0D /* DetailsViewController.swift in Sources */ = {isa = PBXBuildFile; fileRef = 9C907CF72628D55000DC8E0D /* DetailsViewController.swift */; };
		9CC3A4F2262B905F0038C9FE /* StringExtension.swift in Sources */ = {isa = PBXBuildFile; fileRef = 9CC3A4F1262B905F0038C9FE /* StringExtension.swift */; };
/* End PBXBuildFile section */

/* Begin PBXFileReference section */
		1C78E00DF7E17ED3536B4735 /* libPods-OramaSampleApp.a */ = {isa = PBXFileReference; explicitFileType = archive.ar; includeInIndex = 0; path = "libPods-OramaSampleApp.a"; sourceTree = BUILT_PRODUCTS_DIR; };
		9C012C00262B7F980062EB58 /* UIImageViewExtension.swift */ = {isa = PBXFileReference; lastKnownFileType = sourcecode.swift; path = UIImageViewExtension.swift; sourceTree = "<group>"; };
		9C0890A1262B57F100E3F643 /* DetailsPresenter.swift */ = {isa = PBXFileReference; lastKnownFileType = sourcecode.swift; path = DetailsPresenter.swift; sourceTree = "<group>"; };
		9C0BEAD526275B92005CCCD2 /* FundRemoteDataSource.swift */ = {isa = PBXFileReference; lastKnownFileType = sourcecode.swift; path = FundRemoteDataSource.swift; sourceTree = "<group>"; };
		9C0BEAD826275C08005CCCD2 /* FundRemoteDataSourceImpl.swift */ = {isa = PBXFileReference; lastKnownFileType = sourcecode.swift; path = FundRemoteDataSourceImpl.swift; sourceTree = "<group>"; };
		9C0BEAE3262762CF005CCCD2 /* HomePresenter.swift */ = {isa = PBXFileReference; lastKnownFileType = sourcecode.swift; path = HomePresenter.swift; sourceTree = "<group>"; };
		9C0BEAE6262762E3005CCCD2 /* GetFundsUseCase.swift */ = {isa = PBXFileReference; lastKnownFileType = sourcecode.swift; path = GetFundsUseCase.swift; sourceTree = "<group>"; };
		9C0BEB1D26276E33005CCCD2 /* FundResponse.swift */ = {isa = PBXFileReference; lastKnownFileType = sourcecode.swift; path = FundResponse.swift; sourceTree = "<group>"; };
		9C0BEB5F26277DFD005CCCD2 /* OperabilityResponse.swift */ = {isa = PBXFileReference; lastKnownFileType = sourcecode.swift; path = OperabilityResponse.swift; sourceTree = "<group>"; };
		9C0BEB6226277E19005CCCD2 /* SpecificationResponse.swift */ = {isa = PBXFileReference; lastKnownFileType = sourcecode.swift; path = SpecificationResponse.swift; sourceTree = "<group>"; };
		9C0BEB6E26277EBA005CCCD2 /* FundManagerResponse.swift */ = {isa = PBXFileReference; lastKnownFileType = sourcecode.swift; path = FundManagerResponse.swift; sourceTree = "<group>"; };
		9C0BEB7826277F77005CCCD2 /* StrategyVideoResponse.swift */ = {isa = PBXFileReference; lastKnownFileType = sourcecode.swift; path = StrategyVideoResponse.swift; sourceTree = "<group>"; };
		9C6313FE2625FAD00081B963 /* UIViewExtension.swift */ = {isa = PBXFileReference; lastKnownFileType = sourcecode.swift; path = UIViewExtension.swift; sourceTree = "<group>"; };
		9C781C642625F47A00A293D1 /* OramaSampleApp.app */ = {isa = PBXFileReference; explicitFileType = wrapper.application; includeInIndex = 0; path = OramaSampleApp.app; sourceTree = BUILT_PRODUCTS_DIR; };
		9C781C672625F47A00A293D1 /* AppDelegate.swift */ = {isa = PBXFileReference; lastKnownFileType = sourcecode.swift; path = AppDelegate.swift; sourceTree = "<group>"; };
		9C781C692625F47A00A293D1 /* SceneDelegate.swift */ = {isa = PBXFileReference; lastKnownFileType = sourcecode.swift; path = SceneDelegate.swift; sourceTree = "<group>"; };
		9C781C6B2625F47A00A293D1 /* HomeViewController.swift */ = {isa = PBXFileReference; lastKnownFileType = sourcecode.swift; path = HomeViewController.swift; sourceTree = "<group>"; };
		9C781C6E2625F47A00A293D1 /* Base */ = {isa = PBXFileReference; lastKnownFileType = file.storyboard; name = Base; path = Base.lproj/Main.storyboard; sourceTree = "<group>"; };
		9C781C702625F47B00A293D1 /* Assets.xcassets */ = {isa = PBXFileReference; lastKnownFileType = folder.assetcatalog; path = Assets.xcassets; sourceTree = "<group>"; };
		9C781C732625F47B00A293D1 /* Base */ = {isa = PBXFileReference; lastKnownFileType = file.storyboard; name = Base; path = Base.lproj/LaunchScreen.storyboard; sourceTree = "<group>"; };
		9C781C752625F47B00A293D1 /* Info.plist */ = {isa = PBXFileReference; lastKnownFileType = text.plist.xml; path = Info.plist; sourceTree = "<group>"; };
		9C7828662626296C00C946CB /* UIColorExtension.swift */ = {isa = PBXFileReference; lastKnownFileType = sourcecode.swift; path = UIColorExtension.swift; sourceTree = "<group>"; };
		9C78288A262638F100C946CB /* DefaultFundCollectionViewCell.swift */ = {isa = PBXFileReference; lastKnownFileType = sourcecode.swift; path = DefaultFundCollectionViewCell.swift; sourceTree = "<group>"; };
		9C78288B262638F100C946CB /* DefaultFundCollectionViewCell.xib */ = {isa = PBXFileReference; lastKnownFileType = file.xib; path = DefaultFundCollectionViewCell.xib; sourceTree = "<group>"; };
		9C7CA0892629B3A5009E6E24 /* FundDto.swift */ = {isa = PBXFileReference; lastKnownFileType = sourcecode.swift; path = FundDto.swift; sourceTree = "<group>"; };
		9C907CF72628D55000DC8E0D /* DetailsViewController.swift */ = {isa = PBXFileReference; lastKnownFileType = sourcecode.swift; path = DetailsViewController.swift; sourceTree = "<group>"; };
		9CC3A4F1262B905F0038C9FE /* StringExtension.swift */ = {isa = PBXFileReference; lastKnownFileType = sourcecode.swift; path = StringExtension.swift; sourceTree = "<group>"; };
		A79B169C982047DED6695CEA /* Pods-OramaSampleApp.debug.xcconfig */ = {isa = PBXFileReference; includeInIndex = 1; lastKnownFileType = text.xcconfig; name = "Pods-OramaSampleApp.debug.xcconfig"; path = "Target Support Files/Pods-OramaSampleApp/Pods-OramaSampleApp.debug.xcconfig"; sourceTree = "<group>"; };
		CD7AFCE75953E089907E81A9 /* Pods-OramaSampleApp.release.xcconfig */ = {isa = PBXFileReference; includeInIndex = 1; lastKnownFileType = text.xcconfig; name = "Pods-OramaSampleApp.release.xcconfig"; path = "Target Support Files/Pods-OramaSampleApp/Pods-OramaSampleApp.release.xcconfig"; sourceTree = "<group>"; };
/* End PBXFileReference section */

/* Begin PBXFrameworksBuildPhase section */
		9C781C612625F47A00A293D1 /* Frameworks */ = {
			isa = PBXFrameworksBuildPhase;
			buildActionMask = 2147483647;
			files = (
				3AC8ECBC5697FB67450B3619 /* libPods-OramaSampleApp.a in Frameworks */,
			);
			runOnlyForDeploymentPostprocessing = 0;
		};
/* End PBXFrameworksBuildPhase section */

/* Begin PBXGroup section */
		194C806FB6DBDC00DD096D60 /* Frameworks */ = {
			isa = PBXGroup;
			children = (
				1C78E00DF7E17ED3536B4735 /* libPods-OramaSampleApp.a */,
			);
			name = Frameworks;
			sourceTree = "<group>";
		};
		1D29C467310943AA8D9814F6 /* Pods */ = {
			isa = PBXGroup;
			children = (
				A79B169C982047DED6695CEA /* Pods-OramaSampleApp.debug.xcconfig */,
				CD7AFCE75953E089907E81A9 /* Pods-OramaSampleApp.release.xcconfig */,
			);
			path = Pods;
			sourceTree = "<group>";
		};
		9C0890B6262B66DE00E3F643 /* UseCases */ = {
			isa = PBXGroup;
			children = (
				9C0BEAE6262762E3005CCCD2 /* GetFundsUseCase.swift */,
			);
			path = UseCases;
			sourceTree = "<group>";
		};
		9C0BEAD226275ACE005CCCD2 /* Repository */ = {
			isa = PBXGroup;
			children = (
				9C0BEAD526275B92005CCCD2 /* FundRemoteDataSource.swift */,
				9C0BEAD826275C08005CCCD2 /* FundRemoteDataSourceImpl.swift */,
			);
			path = Repository;
			sourceTree = "<group>";
		};
		9C0BEADB26275D4E005CCCD2 /* Domain */ = {
			isa = PBXGroup;
			children = (
				9C7CA0762629B160009E6E24 /* ResponseObjects */,
			);
			path = Domain;
			sourceTree = "<group>";
		};
		9C6313F92625F9450081B963 /* UI */ = {
			isa = PBXGroup;
			children = (
				9C6314012625FCE40081B963 /* DefaultFundCell */,
			);
			path = UI;
			sourceTree = "<group>";
		};
		9C6313FD2625FABE0081B963 /* Utils */ = {
			isa = PBXGroup;
			children = (
				9C6313FE2625FAD00081B963 /* UIViewExtension.swift */,
				9C7828662626296C00C946CB /* UIColorExtension.swift */,
				9C012C00262B7F980062EB58 /* UIImageViewExtension.swift */,
				9CC3A4F1262B905F0038C9FE /* StringExtension.swift */,
			);
			path = Utils;
			sourceTree = "<group>";
		};
		9C6314012625FCE40081B963 /* DefaultFundCell */ = {
			isa = PBXGroup;
			children = (
				9C78288A262638F100C946CB /* DefaultFundCollectionViewCell.swift */,
				9C78288B262638F100C946CB /* DefaultFundCollectionViewCell.xib */,
			);
			path = DefaultFundCell;
			sourceTree = "<group>";
		};
		9C781C5B2625F47A00A293D1 = {
			isa = PBXGroup;
			children = (
				9C781C662625F47A00A293D1 /* OramaSampleApp */,
				9C781C652625F47A00A293D1 /* Products */,
				1D29C467310943AA8D9814F6 /* Pods */,
				194C806FB6DBDC00DD096D60 /* Frameworks */,
			);
			sourceTree = "<group>";
		};
		9C781C652625F47A00A293D1 /* Products */ = {
			isa = PBXGroup;
			children = (
				9C781C642625F47A00A293D1 /* OramaSampleApp.app */,
			);
			name = Products;
			sourceTree = "<group>";
		};
		9C781C662625F47A00A293D1 /* OramaSampleApp */ = {
			isa = PBXGroup;
			children = (
				9C7CA0852629B2F5009E6E24 /* Common */,
				9C7828902626438000C946CB /* Home */,
				9C907CF62628D53E00DC8E0D /* Details */,
				9C0BEAD226275ACE005CCCD2 /* Repository */,
				9C781C672625F47A00A293D1 /* AppDelegate.swift */,
				9C781C692625F47A00A293D1 /* SceneDelegate.swift */,
				9C781C6D2625F47A00A293D1 /* Main.storyboard */,
				9C781C702625F47B00A293D1 /* Assets.xcassets */,
				9C781C722625F47B00A293D1 /* LaunchScreen.storyboard */,
				9C781C752625F47B00A293D1 /* Info.plist */,
			);
			path = OramaSampleApp;
			sourceTree = "<group>";
		};
		9C7828902626438000C946CB /* Home */ = {
			isa = PBXGroup;
			children = (
				9C6313F92625F9450081B963 /* UI */,
				9C781C6B2625F47A00A293D1 /* HomeViewController.swift */,
				9C0BEAE3262762CF005CCCD2 /* HomePresenter.swift */,
			);
			path = Home;
			sourceTree = "<group>";
		};
		9C7CA0762629B160009E6E24 /* ResponseObjects */ = {
			isa = PBXGroup;
			children = (
				9C0BEB1D26276E33005CCCD2 /* FundResponse.swift */,
				9C0BEB5F26277DFD005CCCD2 /* OperabilityResponse.swift */,
				9C0BEB6226277E19005CCCD2 /* SpecificationResponse.swift */,
				9C0BEB6E26277EBA005CCCD2 /* FundManagerResponse.swift */,
				9C0BEB7826277F77005CCCD2 /* StrategyVideoResponse.swift */,
			);
			path = ResponseObjects;
			sourceTree = "<group>";
		};
		9C7CA0852629B2F5009E6E24 /* Common */ = {
			isa = PBXGroup;
			children = (
				9C7CA0882629B38B009E6E24 /* Dto */,
				9C0BEADB26275D4E005CCCD2 /* Domain */,
				9C0890B6262B66DE00E3F643 /* UseCases */,
				9C6313FD2625FABE0081B963 /* Utils */,
			);
			path = Common;
			sourceTree = "<group>";
		};
		9C7CA0882629B38B009E6E24 /* Dto */ = {
			isa = PBXGroup;
			children = (
				9C7CA0892629B3A5009E6E24 /* FundDto.swift */,
			);
			path = Dto;
			sourceTree = "<group>";
		};
		9C907CF62628D53E00DC8E0D /* Details */ = {
			isa = PBXGroup;
			children = (
				9C907CF72628D55000DC8E0D /* DetailsViewController.swift */,
				9C0890A1262B57F100E3F643 /* DetailsPresenter.swift */,
			);
			path = Details;
			sourceTree = "<group>";
		};
/* End PBXGroup section */

/* Begin PBXNativeTarget section */
		9C781C632625F47A00A293D1 /* OramaSampleApp */ = {
			isa = PBXNativeTarget;
			buildConfigurationList = 9C781C782625F47B00A293D1 /* Build configuration list for PBXNativeTarget "OramaSampleApp" */;
			buildPhases = (
				A7DE6634E19C0263D07FDFF5 /* [CP] Check Pods Manifest.lock */,
				9C781C602625F47A00A293D1 /* Sources */,
				9C781C612625F47A00A293D1 /* Frameworks */,
				9C781C622625F47A00A293D1 /* Resources */,
			);
			buildRules = (
			);
			dependencies = (
			);
			name = OramaSampleApp;
			productName = OramaSampleApp;
			productReference = 9C781C642625F47A00A293D1 /* OramaSampleApp.app */;
			productType = "com.apple.product-type.application";
		};
/* End PBXNativeTarget section */

/* Begin PBXProject section */
		9C781C5C2625F47A00A293D1 /* Project object */ = {
			isa = PBXProject;
			attributes = {
				LastSwiftUpdateCheck = 1240;
				LastUpgradeCheck = 1240;
				TargetAttributes = {
					9C781C632625F47A00A293D1 = {
						CreatedOnToolsVersion = 12.4;
					};
				};
			};
			buildConfigurationList = 9C781C5F2625F47A00A293D1 /* Build configuration list for PBXProject "OramaSampleApp" */;
			compatibilityVersion = "Xcode 9.3";
			developmentRegion = en;
			hasScannedForEncodings = 0;
			knownRegions = (
				en,
				Base,
			);
			mainGroup = 9C781C5B2625F47A00A293D1;
			productRefGroup = 9C781C652625F47A00A293D1 /* Products */;
			projectDirPath = "";
			projectRoot = "";
			targets = (
				9C781C632625F47A00A293D1 /* OramaSampleApp */,
			);
		};
/* End PBXProject section */

/* Begin PBXResourcesBuildPhase section */
		9C781C622625F47A00A293D1 /* Resources */ = {
			isa = PBXResourcesBuildPhase;
			buildActionMask = 2147483647;
			files = (
				9C781C742625F47B00A293D1 /* LaunchScreen.storyboard in Resources */,
				9C78288D262638F100C946CB /* DefaultFundCollectionViewCell.xib in Resources */,
				9C781C712625F47B00A293D1 /* Assets.xcassets in Resources */,
				9C781C6F2625F47A00A293D1 /* Main.storyboard in Resources */,
			);
			runOnlyForDeploymentPostprocessing = 0;
		};
/* End PBXResourcesBuildPhase section */

/* Begin PBXShellScriptBuildPhase section */
		A7DE6634E19C0263D07FDFF5 /* [CP] Check Pods Manifest.lock */ = {
			isa = PBXShellScriptBuildPhase;
			buildActionMask = 2147483647;
			files = (
			);
			inputFileListPaths = (
			);
			inputPaths = (
				"${PODS_PODFILE_DIR_PATH}/Podfile.lock",
				"${PODS_ROOT}/Manifest.lock",
			);
			name = "[CP] Check Pods Manifest.lock";
			outputFileListPaths = (
			);
			outputPaths = (
				"$(DERIVED_FILE_DIR)/Pods-OramaSampleApp-checkManifestLockResult.txt",
			);
			runOnlyForDeploymentPostprocessing = 0;
			shellPath = /bin/sh;
			shellScript = "diff \"${PODS_PODFILE_DIR_PATH}/Podfile.lock\" \"${PODS_ROOT}/Manifest.lock\" > /dev/null\nif [ $? != 0 ] ; then\n    # print error to STDERR\n    echo \"error: The sandbox is not in sync with the Podfile.lock. Run 'pod install' or update your CocoaPods installation.\" >&2\n    exit 1\nfi\n# This output is used by Xcode 'outputs' to avoid re-running this script phase.\necho \"SUCCESS\" > \"${SCRIPT_OUTPUT_FILE_0}\"\n";
			showEnvVarsInLog = 0;
		};
/* End PBXShellScriptBuildPhase section */

/* Begin PBXSourcesBuildPhase section */
		9C781C602625F47A00A293D1 /* Sources */ = {
			isa = PBXSourcesBuildPhase;
			buildActionMask = 2147483647;
			files = (
				9C0BEB6026277DFD005CCCD2 /* OperabilityResponse.swift in Sources */,
				9C0BEAD626275B92005CCCD2 /* FundRemoteDataSource.swift in Sources */,
				9C0BEB6326277E19005CCCD2 /* SpecificationResponse.swift in Sources */,
				9C6313FF2625FAD00081B963 /* UIViewExtension.swift in Sources */,
				9C0BEAE7262762E3005CCCD2 /* GetFundsUseCase.swift in Sources */,
				9C78288C262638F100C946CB /* DefaultFundCollectionViewCell.swift in Sources */,
				9C0BEAE4262762CF005CCCD2 /* HomePresenter.swift in Sources */,
				9C0BEB7926277F77005CCCD2 /* StrategyVideoResponse.swift in Sources */,
				9C0890A2262B57F100E3F643 /* DetailsPresenter.swift in Sources */,
				9C0BEB6F26277EBA005CCCD2 /* FundManagerResponse.swift in Sources */,
				9C781C6C2625F47A00A293D1 /* HomeViewController.swift in Sources */,
				9C781C682625F47A00A293D1 /* AppDelegate.swift in Sources */,
				9CC3A4F2262B905F0038C9FE /* StringExtension.swift in Sources */,
				9C907CF82628D55000DC8E0D /* DetailsViewController.swift in Sources */,
				9C012C01262B7F980062EB58 /* UIImageViewExtension.swift in Sources */,
				9C781C6A2625F47A00A293D1 /* SceneDelegate.swift in Sources */,
				9C7828672626296C00C946CB /* UIColorExtension.swift in Sources */,
				9C0BEB1E26276E33005CCCD2 /* FundResponse.swift in Sources */,
				9C7CA08A2629B3A5009E6E24 /* FundDto.swift in Sources */,
				9C0BEAD926275C08005CCCD2 /* FundRemoteDataSourceImpl.swift in Sources */,
			);
			runOnlyForDeploymentPostprocessing = 0;
		};
/* End PBXSourcesBuildPhase section */

/* Begin PBXVariantGroup section */
		9C781C6D2625F47A00A293D1 /* Main.storyboard */ = {
			isa = PBXVariantGroup;
			children = (
				9C781C6E2625F47A00A293D1 /* Base */,
			);
			name = Main.storyboard;
			sourceTree = "<group>";
		};
		9C781C722625F47B00A293D1 /* LaunchScreen.storyboard */ = {
			isa = PBXVariantGroup;
			children = (
				9C781C732625F47B00A293D1 /* Base */,
			);
			name = LaunchScreen.storyboard;
			sourceTree = "<group>";
		};
/* End PBXVariantGroup section */

/* Begin XCBuildConfiguration section */
		9C781C762625F47B00A293D1 /* Debug */ = {
			isa = XCBuildConfiguration;
			buildSettings = {
				ALWAYS_SEARCH_USER_PATHS = NO;
				CLANG_ANALYZER_NONNULL = YES;
				CLANG_ANALYZER_NUMBER_OBJECT_CONVERSION = YES_AGGRESSIVE;
				CLANG_CXX_LANGUAGE_STANDARD = "gnu++14";
				CLANG_CXX_LIBRARY = "libc++";
				CLANG_ENABLE_MODULES = YES;
				CLANG_ENABLE_OBJC_ARC = YES;
				CLANG_ENABLE_OBJC_WEAK = YES;
				CLANG_WARN_BLOCK_CAPTURE_AUTORELEASING = YES;
				CLANG_WARN_BOOL_CONVERSION = YES;
				CLANG_WARN_COMMA = YES;
				CLANG_WARN_CONSTANT_CONVERSION = YES;
				CLANG_WARN_DEPRECATED_OBJC_IMPLEMENTATIONS = YES;
				CLANG_WARN_DIRECT_OBJC_ISA_USAGE = YES_ERROR;
				CLANG_WARN_DOCUMENTATION_COMMENTS = YES;
				CLANG_WARN_EMPTY_BODY = YES;
				CLANG_WARN_ENUM_CONVERSION = YES;
				CLANG_WARN_INFINITE_RECURSION = YES;
				CLANG_WARN_INT_CONVERSION = YES;
				CLANG_WARN_NON_LITERAL_NULL_CONVERSION = YES;
				CLANG_WARN_OBJC_IMPLICIT_RETAIN_SELF = YES;
				CLANG_WARN_OBJC_LITERAL_CONVERSION = YES;
				CLANG_WARN_OBJC_ROOT_CLASS = YES_ERROR;
				CLANG_WARN_QUOTED_INCLUDE_IN_FRAMEWORK_HEADER = YES;
				CLANG_WARN_RANGE_LOOP_ANALYSIS = YES;
				CLANG_WARN_STRICT_PROTOTYPES = YES;
				CLANG_WARN_SUSPICIOUS_MOVE = YES;
				CLANG_WARN_UNGUARDED_AVAILABILITY = YES_AGGRESSIVE;
				CLANG_WARN_UNREACHABLE_CODE = YES;
				CLANG_WARN__DUPLICATE_METHOD_MATCH = YES;
				COPY_PHASE_STRIP = NO;
				DEBUG_INFORMATION_FORMAT = dwarf;
				ENABLE_STRICT_OBJC_MSGSEND = YES;
				ENABLE_TESTABILITY = YES;
				GCC_C_LANGUAGE_STANDARD = gnu11;
				GCC_DYNAMIC_NO_PIC = NO;
				GCC_NO_COMMON_BLOCKS = YES;
				GCC_OPTIMIZATION_LEVEL = 0;
				GCC_PREPROCESSOR_DEFINITIONS = (
					"DEBUG=1",
					"$(inherited)",
				);
				GCC_WARN_64_TO_32_BIT_CONVERSION = YES;
				GCC_WARN_ABOUT_RETURN_TYPE = YES_ERROR;
				GCC_WARN_UNDECLARED_SELECTOR = YES;
				GCC_WARN_UNINITIALIZED_AUTOS = YES_AGGRESSIVE;
				GCC_WARN_UNUSED_FUNCTION = YES;
				GCC_WARN_UNUSED_VARIABLE = YES;
				IPHONEOS_DEPLOYMENT_TARGET = 14.4;
				MTL_ENABLE_DEBUG_INFO = INCLUDE_SOURCE;
				MTL_FAST_MATH = YES;
				ONLY_ACTIVE_ARCH = YES;
				SDKROOT = iphoneos;
				SWIFT_ACTIVE_COMPILATION_CONDITIONS = DEBUG;
				SWIFT_OPTIMIZATION_LEVEL = "-Onone";
			};
			name = Debug;
		};
		9C781C772625F47B00A293D1 /* Release */ = {
			isa = XCBuildConfiguration;
			buildSettings = {
				ALWAYS_SEARCH_USER_PATHS = NO;
				CLANG_ANALYZER_NONNULL = YES;
				CLANG_ANALYZER_NUMBER_OBJECT_CONVERSION = YES_AGGRESSIVE;
				CLANG_CXX_LANGUAGE_STANDARD = "gnu++14";
				CLANG_CXX_LIBRARY = "libc++";
				CLANG_ENABLE_MODULES = YES;
				CLANG_ENABLE_OBJC_ARC = YES;
				CLANG_ENABLE_OBJC_WEAK = YES;
				CLANG_WARN_BLOCK_CAPTURE_AUTORELEASING = YES;
				CLANG_WARN_BOOL_CONVERSION = YES;
				CLANG_WARN_COMMA = YES;
				CLANG_WARN_CONSTANT_CONVERSION = YES;
				CLANG_WARN_DEPRECATED_OBJC_IMPLEMENTATIONS = YES;
				CLANG_WARN_DIRECT_OBJC_ISA_USAGE = YES_ERROR;
				CLANG_WARN_DOCUMENTATION_COMMENTS = YES;
				CLANG_WARN_EMPTY_BODY = YES;
				CLANG_WARN_ENUM_CONVERSION = YES;
				CLANG_WARN_INFINITE_RECURSION = YES;
				CLANG_WARN_INT_CONVERSION = YES;
				CLANG_WARN_NON_LITERAL_NULL_CONVERSION = YES;
				CLANG_WARN_OBJC_IMPLICIT_RETAIN_SELF = YES;
				CLANG_WARN_OBJC_LITERAL_CONVERSION = YES;
				CLANG_WARN_OBJC_ROOT_CLASS = YES_ERROR;
				CLANG_WARN_QUOTED_INCLUDE_IN_FRAMEWORK_HEADER = YES;
				CLANG_WARN_RANGE_LOOP_ANALYSIS = YES;
				CLANG_WARN_STRICT_PROTOTYPES = YES;
				CLANG_WARN_SUSPICIOUS_MOVE = YES;
				CLANG_WARN_UNGUARDED_AVAILABILITY = YES_AGGRESSIVE;
				CLANG_WARN_UNREACHABLE_CODE = YES;
				CLANG_WARN__DUPLICATE_METHOD_MATCH = YES;
				COPY_PHASE_STRIP = NO;
				DEBUG_INFORMATION_FORMAT = "dwarf-with-dsym";
				ENABLE_NS_ASSERTIONS = NO;
				ENABLE_STRICT_OBJC_MSGSEND = YES;
				GCC_C_LANGUAGE_STANDARD = gnu11;
				GCC_NO_COMMON_BLOCKS = YES;
				GCC_WARN_64_TO_32_BIT_CONVERSION = YES;
				GCC_WARN_ABOUT_RETURN_TYPE = YES_ERROR;
				GCC_WARN_UNDECLARED_SELECTOR = YES;
				GCC_WARN_UNINITIALIZED_AUTOS = YES_AGGRESSIVE;
				GCC_WARN_UNUSED_FUNCTION = YES;
				GCC_WARN_UNUSED_VARIABLE = YES;
				IPHONEOS_DEPLOYMENT_TARGET = 14.4;
				MTL_ENABLE_DEBUG_INFO = NO;
				MTL_FAST_MATH = YES;
				SDKROOT = iphoneos;
				SWIFT_COMPILATION_MODE = wholemodule;
				SWIFT_OPTIMIZATION_LEVEL = "-O";
				VALIDATE_PRODUCT = YES;
			};
			name = Release;
		};
		9C781C792625F47B00A293D1 /* Debug */ = {
			isa = XCBuildConfiguration;
			baseConfigurationReference = A79B169C982047DED6695CEA /* Pods-OramaSampleApp.debug.xcconfig */;
			buildSettings = {
				ASSETCATALOG_COMPILER_APPICON_NAME = AppIcon;
				ASSETCATALOG_COMPILER_GLOBAL_ACCENT_COLOR_NAME = AccentColor;
				CODE_SIGN_STYLE = Automatic;
				DEVELOPMENT_TEAM = U245PKG9W9;
				INFOPLIST_FILE = OramaSampleApp/Info.plist;
				LD_RUNPATH_SEARCH_PATHS = (
					"$(inherited)",
					"@executable_path/Frameworks",
				);
				PRODUCT_BUNDLE_IDENTIFIER = me.OramaSampleApp;
				PRODUCT_NAME = "$(TARGET_NAME)";
				SWIFT_VERSION = 5.0;
				TARGETED_DEVICE_FAMILY = "1,2";
			};
			name = Debug;
		};
		9C781C7A2625F47B00A293D1 /* Release */ = {
			isa = XCBuildConfiguration;
			baseConfigurationReference = CD7AFCE75953E089907E81A9 /* Pods-OramaSampleApp.release.xcconfig */;
			buildSettings = {
				ASSETCATALOG_COMPILER_APPICON_NAME = AppIcon;
				ASSETCATALOG_COMPILER_GLOBAL_ACCENT_COLOR_NAME = AccentColor;
				CODE_SIGN_STYLE = Automatic;
				DEVELOPMENT_TEAM = U245PKG9W9;
				INFOPLIST_FILE = OramaSampleApp/Info.plist;
				LD_RUNPATH_SEARCH_PATHS = (
					"$(inherited)",
					"@executable_path/Frameworks",
				);
				PRODUCT_BUNDLE_IDENTIFIER = me.OramaSampleApp;
				PRODUCT_NAME = "$(TARGET_NAME)";
				SWIFT_VERSION = 5.0;
				TARGETED_DEVICE_FAMILY = "1,2";
			};
			name = Release;
		};
/* End XCBuildConfiguration section */

/* Begin XCConfigurationList section */
		9C781C5F2625F47A00A293D1 /* Build configuration list for PBXProject "OramaSampleApp" */ = {
			isa = XCConfigurationList;
			buildConfigurations = (
				9C781C762625F47B00A293D1 /* Debug */,
				9C781C772625F47B00A293D1 /* Release */,
			);
			defaultConfigurationIsVisible = 0;
			defaultConfigurationName = Release;
		};
		9C781C782625F47B00A293D1 /* Build configuration list for PBXNativeTarget "OramaSampleApp" */ = {
			isa = XCConfigurationList;
			buildConfigurations = (
				9C781C792625F47B00A293D1 /* Debug */,
				9C781C7A2625F47B00A293D1 /* Release */,
			);
			defaultConfigurationIsVisible = 0;
			defaultConfigurationName = Release;
		};
/* End XCConfigurationList section */
	};
	rootObject = 9C781C5C2625F47A00A293D1 /* Project object */;
}
